
Microsoft Visual Studio Solution File, Format Version 12.00
# Visual Studio Version 16
VisualStudioVersion = 16.0.30309.148
MinimumVisualStudioVersion = 10.0.40219.1
Project("{FAE04EC0-301F-11D3-BF4B-00C04F79EFBC}") = "BookStoreApplication", "BookStoreApplication.csproj", "{105DA0B0-8964-4904-9219-77EDD6B46744}"
EndProject
Global
	GlobalSection(SolutionConfigurationPlatforms) = preSolution
		Debug|Any CPU = Debug|Any CPU
		Release|Any CPU = Release|Any CPU
	EndGlobalSection
	GlobalSection(ProjectConfigurationPlatforms) = postSolution
		{105DA0B0-8964-4904-9219-77EDD6B46744}.Debug|Any CPU.ActiveCfg = Debug|Any CPU
		{105DA0B0-8964-4904-9219-77EDD6B46744}.Debug|Any CPU.Build.0 = Debug|Any CPU
		{105DA0B0-8964-4904-9219-77EDD6B46744}.Release|Any CPU.ActiveCfg = Release|Any CPU
		{105DA0B0-8964-4904-9219-77EDD6B46744}.Release|Any CPU.Build.0 = Release|Any CPU
	EndGlobalSection
	GlobalSection(SolutionProperties) = preSolution
		HideSolutionNode = FALSE
	EndGlobalSection
	GlobalSection(ExtensibilityGlobals) = postSolution
		SolutionGuid = {C5AA067A-52A2-46EB-8DB9-D2A39A4875B3}
	EndGlobalSection
EndGlobal
